
Microsoft Visual Studio Solution File, Format Version 12.00
# Visual Studio 15
Project("{FAE04EC0-301F-11D3-BF4B-00C04F79EFBC}") = "Assembly-CSharp", "Assembly-CSharp.csproj", "{122699A1-3CC6-C9AD-3EE1-D0FEE6F50071}"
EndProject
Project("{FAE04EC0-301F-11D3-BF4B-00C04F79EFBC}") = "Assembly-CSharp-Editor", "Assembly-CSharp-Editor.csproj", "{6A3EE655-2F53-5E54-E90F-4B33DC31A57B}"
EndProject
Global
	GlobalSection(SolutionConfigurationPlatforms) = preSolution
		Debug|Any CPU = Debug|Any CPU
		Release|Any CPU = Release|Any CPU
	EndGlobalSection
	GlobalSection(ProjectConfigurationPlatforms) = postSolution
		{122699A1-3CC6-C9AD-3EE1-D0FEE6F50071}.Debug|Any CPU.ActiveCfg = Debug|Any CPU
		{122699A1-3CC6-C9AD-3EE1-D0FEE6F50071}.Debug|Any CPU.Build.0 = Debug|Any CPU
		{122699A1-3CC6-C9AD-3EE1-D0FEE6F50071}.Release|Any CPU.ActiveCfg = Release|Any CPU
		{122699A1-3CC6-C9AD-3EE1-D0FEE6F50071}.Release|Any CPU.Build.0 = Release|Any CPU
		{6A3EE655-2F53-5E54-E90F-4B33DC31A57B}.Debug|Any CPU.ActiveCfg = Debug|Any CPU
		{6A3EE655-2F53-5E54-E90F-4B33DC31A57B}.Debug|Any CPU.Build.0 = Debug|Any CPU
		{6A3EE655-2F53-5E54-E90F-4B33DC31A57B}.Release|Any CPU.ActiveCfg = Release|Any CPU
		{6A3EE655-2F53-5E54-E90F-4B33DC31A57B}.Release|Any CPU.Build.0 = Release|Any CPU
	EndGlobalSection
	GlobalSection(SolutionProperties) = preSolution
		HideSolutionNode = FALSE
	EndGlobalSection
EndGlobal
